
Microsoft Visual Studio Solution File, Format Version 12.00
# Visual Studio Version 17
VisualStudioVersion = 17.14.36414.22
MinimumVisualStudioVersion = 10.0.40219.1
Project("{2150E333-8FDC-42A3-9474-1A3956D46DE8}") = "ChainOfResponsibiltyDesignPattern", "ChainOfResponsibiltyDesignPattern", "{02EA681E-C7D8-13C7-8484-4AC65E1B71E8}"
EndProject
Project("{FAE04EC0-301F-11D3-BF4B-00C04F79EFBC}") = "DesignPattern.ChainOfResponsibility", "DesignPattern.ChainOfResponsibility\DesignPattern.ChainOfResponsibility.csproj", "{AA6E6005-C172-40D4-AEF1-81E5262904D6}"
EndProject
Project("{2150E333-8FDC-42A3-9474-1A3956D46DE8}") = "CQRSDesignPattern", "CQRSDesignPattern", "{B3CB28E6-6C15-45C3-A267-A909CE4BC7FA}"
EndProject
Project("{FAE04EC0-301F-11D3-BF4B-00C04F79EFBC}") = "DesignPattern.CQRS", "DesignPattern.CQRS\DesignPattern.CQRS.csproj", "{5EB9A49F-4113-4595-BA0E-63CAA49E3D8C}"
EndProject
Global
	GlobalSection(SolutionConfigurationPlatforms) = preSolution
		Debug|Any CPU = Debug|Any CPU
		Release|Any CPU = Release|Any CPU
	EndGlobalSection
	GlobalSection(ProjectConfigurationPlatforms) = postSolution
		{AA6E6005-C172-40D4-AEF1-81E5262904D6}.Debug|Any CPU.ActiveCfg = Debug|Any CPU
		{AA6E6005-C172-40D4-AEF1-81E5262904D6}.Debug|Any CPU.Build.0 = Debug|Any CPU
		{AA6E6005-C172-40D4-AEF1-81E5262904D6}.Release|Any CPU.ActiveCfg = Release|Any CPU
		{AA6E6005-C172-40D4-AEF1-81E5262904D6}.Release|Any CPU.Build.0 = Release|Any CPU
		{5EB9A49F-4113-4595-BA0E-63CAA49E3D8C}.Debug|Any CPU.ActiveCfg = Debug|Any CPU
		{5EB9A49F-4113-4595-BA0E-63CAA49E3D8C}.Debug|Any CPU.Build.0 = Debug|Any CPU
		{5EB9A49F-4113-4595-BA0E-63CAA49E3D8C}.Release|Any CPU.ActiveCfg = Release|Any CPU
		{5EB9A49F-4113-4595-BA0E-63CAA49E3D8C}.Release|Any CPU.Build.0 = Release|Any CPU
	EndGlobalSection
	GlobalSection(SolutionProperties) = preSolution
		HideSolutionNode = FALSE
	EndGlobalSection
	GlobalSection(NestedProjects) = preSolution
		{AA6E6005-C172-40D4-AEF1-81E5262904D6} = {02EA681E-C7D8-13C7-8484-4AC65E1B71E8}
		{5EB9A49F-4113-4595-BA0E-63CAA49E3D8C} = {B3CB28E6-6C15-45C3-A267-A909CE4BC7FA}
	EndGlobalSection
	GlobalSection(ExtensibilityGlobals) = postSolution
		SolutionGuid = {EEAC315A-263D-4F83-B5E5-483DCCE9A500}
	EndGlobalSection
EndGlobal
